
Microsoft Visual Studio Solution File, Format Version 12.00
# Visual Studio Version 17
VisualStudioVersion = 17.11.35312.102
MinimumVisualStudioVersion = 10.0.40219.1
Project("{FAE04EC0-301F-11D3-BF4B-00C04F79EFBC}") = "SurvivalSimulation", "SurvivalSimulation\SurvivalSimulation.csproj", "{48C94AB9-CBDB-4D2D-A150-44BC9AFB8A96}"
EndProject
Global
	GlobalSection(SolutionConfigurationPlatforms) = preSolution
		Debug|Any CPU = Debug|Any CPU
		Release|Any CPU = Release|Any CPU
	EndGlobalSection
	GlobalSection(ProjectConfigurationPlatforms) = postSolution
		{48C94AB9-CBDB-4D2D-A150-44BC9AFB8A96}.Debug|Any CPU.ActiveCfg = Debug|Any CPU
		{48C94AB9-CBDB-4D2D-A150-44BC9AFB8A96}.Debug|Any CPU.Build.0 = Debug|Any CPU
		{48C94AB9-CBDB-4D2D-A150-44BC9AFB8A96}.Release|Any CPU.ActiveCfg = Release|Any CPU
		{48C94AB9-CBDB-4D2D-A150-44BC9AFB8A96}.Release|Any CPU.Build.0 = Release|Any CPU
	EndGlobalSection
	GlobalSection(SolutionProperties) = preSolution
		HideSolutionNode = FALSE
	EndGlobalSection
	GlobalSection(ExtensibilityGlobals) = postSolution
		SolutionGuid = {78F177BB-338B-4155-82F6-FE71BB32E3AA}
	EndGlobalSection
EndGlobal
